{
    "_readme": [
        "This file locks the dependencies of your project to a known state",
        "Read more about it at https://getcomposer.org/doc/01-basic-usage.md#composer-lock-the-lock-file",
        "This file is @generated automatically"
    ],
    "content-hash": "2cf9770ce036c1a5259b0c5c7b43e5b9",
    "packages": [
        {
            "name": "altorouter/altorouter",
            "version": "v1.2.0",
            "source": {
                "type": "git",
                "url": "https://github.com/dannyvankooten/AltoRouter.git",
                "reference": "39c50092470128c12284d332bb57f306bb5b58e4"
            },
            "dist": {
                "type": "zip",
                "url": "https://files.phpcomposer.com/files/dannyvankooten/AltoRouter/39c50092470128c12284d332bb57f306bb5b58e4.zip",
                "reference": "39c50092470128c12284d332bb57f306bb5b58e4",
                "shasum": ""
            },
            "require": {
                "php": ">=5.3.0"
            },
            "require-dev": {
                "codeclimate/php-test-reporter": "dev-master",
                "phpunit/phpunit": "4.5.*"
            },
            "type": "library",
            "autoload": {
                "classmap": [
                    "AltoRouter.php"
                ]
            },
            "notification-url": "https://packagist.org/downloads/",
            "license": [
                "MIT"
            ],
            "authors": [
                {
                    "name": "Danny van Kooten",
                    "email": "dannyvankooten@gmail.com",
                    "homepage": "http://dannyvankooten.com/"
                },
                {
                    "name": "Koen Punt",
                    "homepage": "https://github.com/koenpunt"
                },
                {
                    "name": "niahoo",
                    "homepage": "https://github.com/niahoo"
                }
            ],
            "description": "A lightning fast router for PHP",
            "homepage": "https://github.com/dannyvankooten/AltoRouter",
            "keywords": [
                "lightweight",
                "router",
                "routing"
            ],
            "time": "2015-11-30T00:47:43+00:00"
        },
        {
            "name": "inhere/console",
            "version": "dev-master",
            "source": {
                "type": "git",
                "url": "https://github.com/inhere/php-console.git",
                "reference": "ad0690003c42ee206a05cde97253a417fb61f2ba"
            },
            "dist": {
                "type": "zip",
                "url": "https://files.phpcomposer.com/files/inhere/php-console/ad0690003c42ee206a05cde97253a417fb61f2ba.zip",
                "reference": "ad0690003c42ee206a05cde97253a417fb61f2ba",
                "shasum": ""
            },
            "require": {
                "php": ">=7.0.0",
                "toolkit/cli-utils": "~1.0",
                "toolkit/sys-utils": "~1.0"
            },
            "suggest": {
                "padraic/phar-updater": "A thing to make PHAR self-updating easy and secure.",
                "symfony/process": "php process operation",
                "text/template": "Single-Class string template engine for PHP5/7 supporting if/loops/filters"
            },
            "type": "library",
            "autoload": {
                "psr-4": {
                    "Inhere\\Console\\": "src/"
                }
            },
            "notification-url": "https://packagist.org/downloads/",
            "license": [
                "MIT"
            ],
            "authors": [
                {
                    "name": "inhere",
                    "email": "in.798@qq.com",
                    "homepage": "http://www.yzone.net/"
                }
            ],
            "description": "a php console library, provide console argument parse, console controller/command run, color style, user interactive, information show.",
            "homepage": "https://github.com/inhere/php-console",
            "keywords": [
                "cli",
                "command",
                "command-line",
                "console",
                "console-application",
                "console-color",
                "library"
            ],
            "time": "2018-06-13T16:12:38+00:00"
        },
        {
            "name": "latte/latte",
            "version": "v2.4.x-dev",
            "source": {
                "type": "git",
                "url": "https://github.com/nette/latte.git",
                "reference": "95ca6bab6caaa3efa3b5d7d4537f9a45cb89ed90"
            },
            "dist": {
                "type": "zip",
                "url": "https://files.phpcomposer.com/files/nette/latte/95ca6bab6caaa3efa3b5d7d4537f9a45cb89ed90.zip",
                "reference": "95ca6bab6caaa3efa3b5d7d4537f9a45cb89ed90",
                "shasum": ""
            },
            "require": {
                "ext-json": "*",
                "ext-tokenizer": "*",
                "php": ">=5.4.4"
            },
            "conflict": {
                "nette/application": "<2.4.1"
            },
            "require-dev": {
                "nette/tester": "~1.7",
                "tracy/tracy": "^2.3"
            },
            "suggest": {
                "ext-fileinfo": "to use filter |datastream",
                "ext-mbstring": "to use filters like lower, upper, capitalize, ...",
                "nette/utils": "to use filter |webalize"
            },
            "type": "library",
            "extra": {
                "branch-alias": {
                    "dev-master": "2.4-dev"
                }
            },
            "autoload": {
                "classmap": [
                    "src/"
                ]
            },
            "notification-url": "https://packagist.org/downloads/",
            "license": [
                "BSD-3-Clause",
                "GPL-2.0",
                "GPL-3.0"
            ],
            "authors": [
                {
                    "name": "David Grudl",
                    "homepage": "https://davidgrudl.com"
                },
                {
                    "name": "Nette Community",
                    "homepage": "https://nette.org/contributors"
                }
            ],
            "description": "☕ Latte: the intuitive and fast template engine for those who want the most secure PHP sites. Introduces context-sensitive escaping.",
            "homepage": "https://latte.nette.org",
            "keywords": [
                "context-sensitive",
                "engine",
                "escaping",
                "html",
                "nette",
                "security",
                "template",
                "twig"
            ],
            "time": "2018-06-03T17:34:15+00:00"
        },
        {
            "name": "lox/pheasant",
            "version": "dev-master",
            "source": {
                "type": "git",
                "url": "https://github.com/lox/pheasant.git",
                "reference": "9b116ddf72d5f4aaaeeddbbc535663a605b242e4"
            },
            "dist": {
                "type": "zip",
                "url": "https://files.phpcomposer.com/files/lox/pheasant/9b116ddf72d5f4aaaeeddbbc535663a605b242e4.zip",
                "reference": "9b116ddf72d5f4aaaeeddbbc535663a605b242e4",
                "shasum": ""
            },
            "require": {
                "php": ">=5.6.0"
            },
            "require-dev": {
                "mockery/mockery": "~1.0",
                "phpunit/phpunit": "~6.0",
                "satooshi/php-coveralls": "dev-master"
            },
            "type": "library",
            "autoload": {
                "psr-0": {
                    "Pheasant": [
                        "lib",
                        "tests"
                    ]
                }
            },
            "notification-url": "https://packagist.org/downloads/",
            "license": [
                "MIT"
            ],
            "authors": [
                {
                    "name": "Lachlan Donald",
                    "email": "lachlan@ljd.cc"
                },
                {
                    "name": "Richard Bone",
                    "email": "rjonbone@gmail.com"
                }
            ],
            "description": "A lightweight data mapper for MySQL and PHP 5.3+",
            "keywords": [
                "99designs",
                "activerecord",
                "datamapper",
                "mysql",
                "orm"
            ],
            "time": "2018-01-30T19:36:36+00:00"
        },
        {
            "name": "toolkit/cli-utils",
            "version": "v1.0.1",
            "source": {
                "type": "git",
                "url": "https://github.com/php-toolkit/cli-utils.git",
                "reference": "a59b1e1d9422c44306ae9052b3638c03fbd2ed3a"
            },
            "dist": {
                "type": "zip",
                "url": "https://files.phpcomposer.com/files/php-toolkit/cli-utils/a59b1e1d9422c44306ae9052b3638c03fbd2ed3a.zip",
                "reference": "a59b1e1d9422c44306ae9052b3638c03fbd2ed3a",
                "shasum": ""
            },
            "require": {
                "php": ">7.0.0"
            },
            "suggest": {
                "inhere/console": "a lightweight php console application library.",
                "inhere/php-validate": "Very lightweight data validate tool",
                "inhere/simple-print-tool": "Very lightweight data printing tools"
            },
            "type": "library",
            "autoload": {
                "psr-4": {
                    "Toolkit\\Cli\\": "src/"
                }
            },
            "notification-url": "https://packagist.org/downloads/",
            "license": [
                "MIT"
            ],
            "authors": [
                {
                    "name": "inhere",
                    "email": "in.798@qq.com",
                    "homepage": "http://www.yzone.net/"
                }
            ],
            "description": "some cli tool library of the php",
            "homepage": "https://github.com/php-toolkit/cli-utils",
            "keywords": [
                "library",
                "php",
                "tool"
            ],
            "time": "2018-05-07T15:32:05+00:00"
        },
        {
            "name": "toolkit/sys-utils",
            "version": "v1.0.4",
            "source": {
                "type": "git",
                "url": "https://github.com/php-toolkit/sys-utils.git",
                "reference": "cf0ebbdcc4d3f0a4fc85849b395326e73dbf3e25"
            },
            "dist": {
                "type": "zip",
                "url": "https://files.phpcomposer.com/files/php-toolkit/sys-utils/cf0ebbdcc4d3f0a4fc85849b395326e73dbf3e25.zip",
                "reference": "cf0ebbdcc4d3f0a4fc85849b395326e73dbf3e25",
                "shasum": ""
            },
            "require": {
                "php": ">=7.0.0"
            },
            "suggest": {
                "inhere/console": "a lightweight php console application library.",
                "inhere/php-validate": "Very lightweight data validate tool",
                "inhere/simple-print-tool": "Very lightweight data printing tools"
            },
            "type": "library",
            "autoload": {
                "psr-4": {
                    "Toolkit\\Sys\\": "src/"
                }
            },
            "notification-url": "https://packagist.org/downloads/",
            "license": [
                "MIT"
            ],
            "authors": [
                {
                    "name": "inhere",
                    "email": "in.798@qq.com",
                    "homepage": "http://www.yzone.net/"
                }
            ],
            "description": "some system tool library of the php",
            "homepage": "https://github.com/php-toolkit/sys-utils",
            "keywords": [
                "library",
                "php",
                "tool"
            ],
            "time": "2018-05-07T15:13:04+00:00"
        }
    ],
    "packages-dev": [],
    "aliases": [],
    "minimum-stability": "dev",
    "stability-flags": {
        "lox/pheasant": 20,
        "inhere/console": 20
    },
    "prefer-stable": false,
    "prefer-lowest": false,
    "platform": [],
    "platform-dev": []
}
