{
    "_readme": [
        "This file locks the dependencies of your project to a known state",
        "Read more about it at https://getcomposer.org/doc/01-basic-usage.md#composer-lock-the-lock-file",
        "This file is @generated automatically"
    ],
    "content-hash": "c93eb9c087f93aa00c1b0e9cd0fd2af5",
    "packages": [
        {
            "name": "altorouter/altorouter",
            "version": "v1.2.0",
            "source": {
                "type": "git",
                "url": "https://github.com/dannyvankooten/AltoRouter.git",
                "reference": "39c50092470128c12284d332bb57f306bb5b58e4"
            },
            "dist": {
                "type": "zip",
                "url": "https://api.github.com/repos/dannyvankooten/AltoRouter/zipball/39c50092470128c12284d332bb57f306bb5b58e4",
                "reference": "39c50092470128c12284d332bb57f306bb5b58e4",
                "shasum": ""
            },
            "require": {
                "php": ">=5.3.0"
            },
            "require-dev": {
                "codeclimate/php-test-reporter": "dev-master",
                "phpunit/phpunit": "4.5.*"
            },
            "type": "library",
            "autoload": {
                "classmap": [
                    "AltoRouter.php"
                ]
            },
            "notification-url": "https://packagist.org/downloads/",
            "license": [
                "MIT"
            ],
            "authors": [
                {
                    "name": "Danny van Kooten",
                    "email": "dannyvankooten@gmail.com",
                    "homepage": "http://dannyvankooten.com/"
                },
                {
                    "name": "Koen Punt",
                    "homepage": "https://github.com/koenpunt"
                },
                {
                    "name": "niahoo",
                    "homepage": "https://github.com/niahoo"
                }
            ],
            "description": "A lightning fast router for PHP",
            "homepage": "https://github.com/dannyvankooten/AltoRouter",
            "keywords": [
                "lightweight",
                "router",
                "routing"
            ],
            "time": "2015-11-30T00:47:43+00:00"
        },
        {
            "name": "inhere/console",
            "version": "dev-master",
            "source": {
                "type": "git",
                "url": "https://github.com/inhere/php-console.git",
                "reference": "cc00b791ee26f44b5fea7bd370863c4a7d23398a"
            },
            "dist": {
                "type": "zip",
                "url": "https://api.github.com/repos/inhere/php-console/zipball/cc00b791ee26f44b5fea7bd370863c4a7d23398a",
                "reference": "cc00b791ee26f44b5fea7bd370863c4a7d23398a",
                "shasum": ""
            },
            "require": {
                "php": ">7.1.0",
                "toolkit/cli-utils": "~1.0",
                "toolkit/str-utils": "~1.0",
                "toolkit/sys-utils": "~1.0"
            },
            "suggest": {
                "padraic/phar-updater": "A thing to make PHAR self-updating easy and secure.",
                "symfony/process": "php process operation",
                "text/template": "Single-Class string template engine for PHP5/7 supporting if/loops/filters"
            },
            "type": "library",
            "autoload": {
                "psr-4": {
                    "Inhere\\Console\\": "src/"
                }
            },
            "notification-url": "https://packagist.org/downloads/",
            "license": [
                "MIT"
            ],
            "authors": [
                {
                    "name": "inhere",
                    "email": "in.798@qq.com",
                    "homepage": "http://www.yzone.net/"
                }
            ],
            "description": "a php console library, provide console argument parse, console controller/command run, color style, user interactive, information show.",
            "homepage": "https://github.com/inhere/php-console",
            "keywords": [
                "cli",
                "command",
                "command-line",
                "console",
                "console-application",
                "console-color",
                "library"
            ],
            "time": "2019-01-05T02:22:05+00:00"
        },
        {
            "name": "latte/latte",
            "version": "v2.4.x-dev",
            "source": {
                "type": "git",
                "url": "https://github.com/nette/latte.git",
                "reference": "72b3ce4359c29de5128e9b3a6ecdb4133b68b5ac"
            },
            "dist": {
                "type": "zip",
                "url": "https://api.github.com/repos/nette/latte/zipball/72b3ce4359c29de5128e9b3a6ecdb4133b68b5ac",
                "reference": "72b3ce4359c29de5128e9b3a6ecdb4133b68b5ac",
                "shasum": ""
            },
            "require": {
                "ext-json": "*",
                "ext-tokenizer": "*",
                "php": ">=5.4.4"
            },
            "conflict": {
                "nette/application": "<2.4.1"
            },
            "require-dev": {
                "nette/tester": "~1.7",
                "tracy/tracy": "^2.3"
            },
            "suggest": {
                "ext-fileinfo": "to use filter |datastream",
                "ext-mbstring": "to use filters like lower, upper, capitalize, ...",
                "nette/utils": "to use filter |webalize"
            },
            "type": "library",
            "extra": {
                "branch-alias": {
                    "dev-master": "2.4-dev"
                }
            },
            "autoload": {
                "classmap": [
                    "src/"
                ]
            },
            "notification-url": "https://packagist.org/downloads/",
            "license": [
                "BSD-3-Clause",
                "GPL-2.0",
                "GPL-3.0"
            ],
            "authors": [
                {
                    "name": "David Grudl",
                    "homepage": "https://davidgrudl.com"
                },
                {
                    "name": "Nette Community",
                    "homepage": "https://nette.org/contributors"
                }
            ],
            "description": "☕ Latte: the intuitive and fast template engine for those who want the most secure PHP sites. Introduces context-sensitive escaping.",
            "homepage": "https://latte.nette.org",
            "keywords": [
                "context-sensitive",
                "engine",
                "escaping",
                "html",
                "nette",
                "security",
                "template",
                "twig"
            ],
            "time": "2018-10-30T17:37:17+00:00"
        },
        {
            "name": "lox/pheasant",
            "version": "dev-master",
            "source": {
                "type": "git",
                "url": "https://github.com/lox/pheasant.git",
                "reference": "9b116ddf72d5f4aaaeeddbbc535663a605b242e4"
            },
            "dist": {
                "type": "zip",
                "url": "https://api.github.com/repos/lox/pheasant/zipball/9b116ddf72d5f4aaaeeddbbc535663a605b242e4",
                "reference": "9b116ddf72d5f4aaaeeddbbc535663a605b242e4",
                "shasum": ""
            },
            "require": {
                "php": ">=5.6.0"
            },
            "require-dev": {
                "mockery/mockery": "~1.0",
                "phpunit/phpunit": "~6.0",
                "satooshi/php-coveralls": "dev-master"
            },
            "type": "library",
            "autoload": {
                "psr-0": {
                    "Pheasant": [
                        "lib",
                        "tests"
                    ]
                }
            },
            "notification-url": "https://packagist.org/downloads/",
            "license": [
                "MIT"
            ],
            "authors": [
                {
                    "name": "Lachlan Donald",
                    "email": "lachlan@ljd.cc"
                },
                {
                    "name": "Richard Bone",
                    "email": "rjonbone@gmail.com"
                }
            ],
            "description": "A lightweight data mapper for MySQL and PHP 5.3+",
            "keywords": [
                "99designs",
                "activerecord",
                "datamapper",
                "mysql",
                "orm"
            ],
            "time": "2018-01-30T19:36:36+00:00"
        },
        {
            "name": "monolog/monolog",
            "version": "dev-master",
            "source": {
                "type": "git",
                "url": "https://github.com/Seldaek/monolog.git",
                "reference": "ebb804e432e8fe0fe96828f30d89c45581d36d07"
            },
            "dist": {
                "type": "zip",
                "url": "https://api.github.com/repos/Seldaek/monolog/zipball/ebb804e432e8fe0fe96828f30d89c45581d36d07",
                "reference": "ebb804e432e8fe0fe96828f30d89c45581d36d07",
                "shasum": ""
            },
            "require": {
                "php": "^7.1",
                "psr/log": "^1.0.1"
            },
            "provide": {
                "psr/log-implementation": "1.0.0"
            },
            "require-dev": {
                "aws/aws-sdk-php": "^2.4.9 || ^3.0",
                "doctrine/couchdb": "~1.0@dev",
                "elasticsearch/elasticsearch": "^6.0",
                "graylog2/gelf-php": "^1.4.2",
                "jakub-onderka/php-parallel-lint": "^0.9",
                "php-amqplib/php-amqplib": "~2.4",
                "php-console/php-console": "^3.1.3",
                "phpspec/prophecy": "^1.6.1",
                "phpunit/phpunit": "^7.5",
                "predis/predis": "^1.1",
                "rollbar/rollbar": "^1.3",
                "ruflin/elastica": ">=0.90 <3.0",
                "sentry/sentry": "^1.9",
                "swiftmailer/swiftmailer": "^5.3|^6.0"
            },
            "suggest": {
                "aws/aws-sdk-php": "Allow sending log messages to AWS services like DynamoDB",
                "doctrine/couchdb": "Allow sending log messages to a CouchDB server",
                "elasticsearch/elasticsearch": "Allow sending log messages to an Elasticsearch server via official client",
                "ext-amqp": "Allow sending log messages to an AMQP server (1.0+ required)",
                "ext-mongodb": "Allow sending log messages to a MongoDB server (via driver)",
                "graylog2/gelf-php": "Allow sending log messages to a GrayLog2 server",
                "mongodb/mongodb": "Allow sending log messages to a MongoDB server (via library)",
                "php-amqplib/php-amqplib": "Allow sending log messages to an AMQP server using php-amqplib",
                "php-console/php-console": "Allow sending log messages to Google Chrome",
                "rollbar/rollbar": "Allow sending log messages to Rollbar",
                "ruflin/elastica": "Allow sending log messages to an Elastic Search server",
                "sentry/sentry": "Allow sending log messages to a Sentry server"
            },
            "type": "library",
            "extra": {
                "branch-alias": {
                    "dev-master": "2.x-dev"
                }
            },
            "autoload": {
                "psr-4": {
                    "Monolog\\": "src/Monolog"
                }
            },
            "notification-url": "https://packagist.org/downloads/",
            "license": [
                "MIT"
            ],
            "authors": [
                {
                    "name": "Jordi Boggiano",
                    "email": "j.boggiano@seld.be",
                    "homepage": "http://seld.be"
                }
            ],
            "description": "Sends your logs to files, sockets, inboxes, databases and various web services",
            "homepage": "http://github.com/Seldaek/monolog",
            "keywords": [
                "log",
                "logging",
                "psr-3"
            ],
            "time": "2018-12-26T14:39:50+00:00"
        },
        {
            "name": "psr/log",
            "version": "dev-master",
            "source": {
                "type": "git",
                "url": "https://github.com/php-fig/log.git",
                "reference": "3490ba5925e6dcbe6de950c5c6b8dce9f6e96eda"
            },
            "dist": {
                "type": "zip",
                "url": "https://api.github.com/repos/php-fig/log/zipball/3490ba5925e6dcbe6de950c5c6b8dce9f6e96eda",
                "reference": "3490ba5925e6dcbe6de950c5c6b8dce9f6e96eda",
                "shasum": ""
            },
            "require": {
                "php": ">=5.3.0"
            },
            "type": "library",
            "extra": {
                "branch-alias": {
                    "dev-master": "1.0.x-dev"
                }
            },
            "autoload": {
                "psr-4": {
                    "Psr\\Log\\": "Psr/Log/"
                }
            },
            "notification-url": "https://packagist.org/downloads/",
            "license": [
                "MIT"
            ],
            "authors": [
                {
                    "name": "PHP-FIG",
                    "homepage": "http://www.php-fig.org/"
                }
            ],
            "description": "Common interface for logging libraries",
            "homepage": "https://github.com/php-fig/log",
            "keywords": [
                "log",
                "psr",
                "psr-3"
            ],
            "time": "2018-04-03T15:59:15+00:00"
        },
        {
            "name": "toolkit/cli-utils",
            "version": "v1.0.1",
            "source": {
                "type": "git",
                "url": "https://github.com/php-toolkit/cli-utils.git",
                "reference": "a59b1e1d9422c44306ae9052b3638c03fbd2ed3a"
            },
            "dist": {
                "type": "zip",
                "url": "https://api.github.com/repos/php-toolkit/cli-utils/zipball/a59b1e1d9422c44306ae9052b3638c03fbd2ed3a",
                "reference": "a59b1e1d9422c44306ae9052b3638c03fbd2ed3a",
                "shasum": ""
            },
            "require": {
                "php": ">7.0.0"
            },
            "suggest": {
                "inhere/console": "a lightweight php console application library.",
                "inhere/php-validate": "Very lightweight data validate tool",
                "inhere/simple-print-tool": "Very lightweight data printing tools"
            },
            "type": "library",
            "autoload": {
                "psr-4": {
                    "Toolkit\\Cli\\": "src/"
                }
            },
            "notification-url": "https://packagist.org/downloads/",
            "license": [
                "MIT"
            ],
            "authors": [
                {
                    "name": "inhere",
                    "email": "in.798@qq.com",
                    "homepage": "http://www.yzone.net/"
                }
            ],
            "description": "some cli tool library of the php",
            "homepage": "https://github.com/php-toolkit/cli-utils",
            "keywords": [
                "library",
                "php",
                "tool"
            ],
            "time": "2018-05-07T15:32:05+00:00"
        },
        {
            "name": "toolkit/str-utils",
            "version": "v1.0.1",
            "source": {
                "type": "git",
                "url": "https://github.com/php-toolkit/str-utils.git",
                "reference": "034c5c336eaff7b3a8fdf9d331644529a45e44ea"
            },
            "dist": {
                "type": "zip",
                "url": "https://api.github.com/repos/php-toolkit/str-utils/zipball/034c5c336eaff7b3a8fdf9d331644529a45e44ea",
                "reference": "034c5c336eaff7b3a8fdf9d331644529a45e44ea",
                "shasum": ""
            },
            "require": {
                "php": ">=7.0.0"
            },
            "suggest": {
                "inhere/console": "a lightweight php console application library.",
                "inhere/php-validate": "Very lightweight data validate tool",
                "inhere/simple-print-tool": "Very lightweight data printing tools"
            },
            "type": "library",
            "autoload": {
                "psr-4": {
                    "Toolkit\\StrUtil\\": "src/"
                }
            },
            "notification-url": "https://packagist.org/downloads/",
            "license": [
                "MIT"
            ],
            "authors": [
                {
                    "name": "inhere",
                    "email": "in.798@qq.com",
                    "homepage": "http://www.yzone.net/"
                }
            ],
            "description": "some string tool library of the php",
            "homepage": "https://github.com/php-toolkit/str-utils",
            "keywords": [
                "library",
                "php",
                "tool"
            ],
            "time": "2018-04-22T07:08:45+00:00"
        },
        {
            "name": "toolkit/sys-utils",
            "version": "v1.0.4",
            "source": {
                "type": "git",
                "url": "https://github.com/php-toolkit/sys-utils.git",
                "reference": "cf0ebbdcc4d3f0a4fc85849b395326e73dbf3e25"
            },
            "dist": {
                "type": "zip",
                "url": "https://api.github.com/repos/php-toolkit/sys-utils/zipball/cf0ebbdcc4d3f0a4fc85849b395326e73dbf3e25",
                "reference": "cf0ebbdcc4d3f0a4fc85849b395326e73dbf3e25",
                "shasum": ""
            },
            "require": {
                "php": ">=7.0.0"
            },
            "suggest": {
                "inhere/console": "a lightweight php console application library.",
                "inhere/php-validate": "Very lightweight data validate tool",
                "inhere/simple-print-tool": "Very lightweight data printing tools"
            },
            "type": "library",
            "autoload": {
                "psr-4": {
                    "Toolkit\\Sys\\": "src/"
                }
            },
            "notification-url": "https://packagist.org/downloads/",
            "license": [
                "MIT"
            ],
            "authors": [
                {
                    "name": "inhere",
                    "email": "in.798@qq.com",
                    "homepage": "http://www.yzone.net/"
                }
            ],
            "description": "some system tool library of the php",
            "homepage": "https://github.com/php-toolkit/sys-utils",
            "keywords": [
                "library",
                "php",
                "tool"
            ],
            "time": "2018-05-07T15:13:04+00:00"
        }
    ],
    "packages-dev": [],
    "aliases": [],
    "minimum-stability": "dev",
    "stability-flags": {
        "lox/pheasant": 20,
        "inhere/console": 20,
        "monolog/monolog": 20
    },
    "prefer-stable": false,
    "prefer-lowest": false,
    "platform": [],
    "platform-dev": []
}
