{
    "_readme": [
        "This file locks the dependencies of your project to a known state",
        "Read more about it at https://getcomposer.org/doc/01-basic-usage.md#composer-lock-the-lock-file",
        "This file is @generated automatically"
    ],
    "content-hash": "767739504832accd3409c2be8c3a490d",
    "packages": [
        {
            "name": "altorouter/altorouter",
            "version": "v1.2.0",
            "source": {
                "type": "git",
                "url": "https://github.com/dannyvankooten/AltoRouter.git",
                "reference": "39c50092470128c12284d332bb57f306bb5b58e4"
            },
            "dist": {
                "type": "zip",
                "url": "https://files.phpcomposer.com/files/dannyvankooten/AltoRouter/39c50092470128c12284d332bb57f306bb5b58e4.zip",
                "reference": "39c50092470128c12284d332bb57f306bb5b58e4",
                "shasum": ""
            },
            "require": {
                "php": ">=5.3.0"
            },
            "require-dev": {
                "codeclimate/php-test-reporter": "dev-master",
                "phpunit/phpunit": "4.5.*"
            },
            "type": "library",
            "autoload": {
                "classmap": [
                    "AltoRouter.php"
                ]
            },
            "notification-url": "https://packagist.org/downloads/",
            "license": [
                "MIT"
            ],
            "authors": [
                {
                    "name": "Danny van Kooten",
                    "email": "dannyvankooten@gmail.com",
                    "homepage": "http://dannyvankooten.com/"
                },
                {
                    "name": "Koen Punt",
                    "homepage": "https://github.com/koenpunt"
                },
                {
                    "name": "niahoo",
                    "homepage": "https://github.com/niahoo"
                }
            ],
            "description": "A lightning fast router for PHP",
            "homepage": "https://github.com/dannyvankooten/AltoRouter",
            "keywords": [
                "lightweight",
                "router",
                "routing"
            ],
            "time": "2015-11-30T00:47:43+00:00"
        },
        {
            "name": "latte/latte",
            "version": "v2.4.8",
            "source": {
                "type": "git",
                "url": "https://github.com/nette/latte.git",
                "reference": "95ca6bab6caaa3efa3b5d7d4537f9a45cb89ed90"
            },
            "dist": {
                "type": "zip",
                "url": "https://files.phpcomposer.com/files/nette/latte/95ca6bab6caaa3efa3b5d7d4537f9a45cb89ed90.zip",
                "reference": "95ca6bab6caaa3efa3b5d7d4537f9a45cb89ed90",
                "shasum": ""
            },
            "require": {
                "ext-json": "*",
                "ext-tokenizer": "*",
                "php": ">=5.4.4"
            },
            "conflict": {
                "nette/application": "<2.4.1"
            },
            "require-dev": {
                "nette/tester": "~1.7",
                "tracy/tracy": "^2.3"
            },
            "suggest": {
                "ext-fileinfo": "to use filter |datastream",
                "ext-mbstring": "to use filters like lower, upper, capitalize, ...",
                "nette/utils": "to use filter |webalize"
            },
            "type": "library",
            "extra": {
                "branch-alias": {
                    "dev-master": "2.4-dev"
                }
            },
            "autoload": {
                "classmap": [
                    "src/"
                ]
            },
            "notification-url": "https://packagist.org/downloads/",
            "license": [
                "BSD-3-Clause",
                "GPL-2.0",
                "GPL-3.0"
            ],
            "authors": [
                {
                    "name": "David Grudl",
                    "homepage": "https://davidgrudl.com"
                },
                {
                    "name": "Nette Community",
                    "homepage": "https://nette.org/contributors"
                }
            ],
            "description": "☕ Latte: the intuitive and fast template engine for those who want the most secure PHP sites. Introduces context-sensitive escaping.",
            "homepage": "https://latte.nette.org",
            "keywords": [
                "context-sensitive",
                "engine",
                "escaping",
                "html",
                "nette",
                "security",
                "template",
                "twig"
            ],
            "time": "2018-06-03T17:34:15+00:00"
        },
        {
            "name": "lox/pheasant",
            "version": "dev-master",
            "source": {
                "type": "git",
                "url": "https://github.com/lox/pheasant.git",
                "reference": "9b116ddf72d5f4aaaeeddbbc535663a605b242e4"
            },
            "dist": {
                "type": "zip",
                "url": "https://files.phpcomposer.com/files/lox/pheasant/9b116ddf72d5f4aaaeeddbbc535663a605b242e4.zip",
                "reference": "9b116ddf72d5f4aaaeeddbbc535663a605b242e4",
                "shasum": ""
            },
            "require": {
                "php": ">=5.6.0"
            },
            "require-dev": {
                "mockery/mockery": "~1.0",
                "phpunit/phpunit": "~6.0",
                "satooshi/php-coveralls": "dev-master"
            },
            "type": "library",
            "autoload": {
                "psr-0": {
                    "Pheasant": [
                        "lib",
                        "tests"
                    ]
                }
            },
            "notification-url": "https://packagist.org/downloads/",
            "license": [
                "MIT"
            ],
            "authors": [
                {
                    "name": "Lachlan Donald",
                    "email": "lachlan@ljd.cc"
                },
                {
                    "name": "Richard Bone",
                    "email": "rjonbone@gmail.com"
                }
            ],
            "description": "A lightweight data mapper for MySQL and PHP 5.3+",
            "keywords": [
                "99designs",
                "activerecord",
                "datamapper",
                "mysql",
                "orm"
            ],
            "time": "2018-01-30T19:36:36+00:00"
        }
    ],
    "packages-dev": [],
    "aliases": [],
    "minimum-stability": "stable",
    "stability-flags": {
        "lox/pheasant": 20
    },
    "prefer-stable": false,
    "prefer-lowest": false,
    "platform": [],
    "platform-dev": []
}
